// !$*UTF8*$!
{
	archiveVersion = 1;
	classes = {
	};
	objectVersion = 55;
	objects = {

/* Begin PBXBuildFile section */
		BEA4C42D283EA39900F0D83B /* AppDelegate.swift in Sources */ = {isa = PBXBuildFile; fileRef = BEA4C42C283EA39900F0D83B /* AppDelegate.swift */; };
		BEA4C431283EA39900F0D83B /* ViewController.swift in Sources */ = {isa = PBXBuildFile; fileRef = BEA4C430283EA39900F0D83B /* ViewController.swift */; };
		BEA4C436283EA39A00F0D83B /* Assets.xcassets in Resources */ = {isa = PBXBuildFile; fileRef = BEA4C435283EA39A00F0D83B /* Assets.xcassets */; };
		BEA4C439283EA39A00F0D83B /* LaunchScreen.storyboard in Resources */ = {isa = PBXBuildFile; fileRef = BEA4C437283EA39A00F0D83B /* LaunchScreen.storyboard */; };
		BEA4C444283EA39A00F0D83B /* GDCarFinderTests.swift in Sources */ = {isa = PBXBuildFile; fileRef = BEA4C443283EA39A00F0D83B /* GDCarFinderTests.swift */; };
		BEA4C44E283EA39A00F0D83B /* GDCarFinderUITests.swift in Sources */ = {isa = PBXBuildFile; fileRef = BEA4C44D283EA39A00F0D83B /* GDCarFinderUITests.swift */; };
		BEA4C450283EA39A00F0D83B /* GDCarFinderUITestsLaunchTests.swift in Sources */ = {isa = PBXBuildFile; fileRef = BEA4C44F283EA39A00F0D83B /* GDCarFinderUITestsLaunchTests.swift */; };
		BEA4C482283EA3F400F0D83B /* GDSession.swift in Sources */ = {isa = PBXBuildFile; fileRef = BEA4C475283EA3F400F0D83B /* GDSession.swift */; };
		BEA4C483283EA3F400F0D83B /* GDOperationQueueManager.swift in Sources */ = {isa = PBXBuildFile; fileRef = BEA4C477283EA3F400F0D83B /* GDOperationQueueManager.swift */; };
		BEA4C484283EA3F400F0D83B /* GDOperation.swift in Sources */ = {isa = PBXBuildFile; fileRef = BEA4C478283EA3F400F0D83B /* GDOperation.swift */; };
		BEA4C485283EA3F400F0D83B /* GDOperationAction.swift in Sources */ = {isa = PBXBuildFile; fileRef = BEA4C47A283EA3F400F0D83B /* GDOperationAction.swift */; };
		BEA4C486283EA3F400F0D83B /* GDString.swift in Sources */ = {isa = PBXBuildFile; fileRef = BEA4C47C283EA3F400F0D83B /* GDString.swift */; };
		BEA4C487283EA3F400F0D83B /* GDError.swift in Sources */ = {isa = PBXBuildFile; fileRef = BEA4C47D283EA3F400F0D83B /* GDError.swift */; };
		BEA4C488283EA3F400F0D83B /* GDConst.swift in Sources */ = {isa = PBXBuildFile; fileRef = BEA4C47E283EA3F400F0D83B /* GDConst.swift */; };
		BEA4C489283EA3F400F0D83B /* GDColor.swift in Sources */ = {isa = PBXBuildFile; fileRef = BEA4C47F283EA3F400F0D83B /* GDColor.swift */; };
		BEA4C48A283EA3F400F0D83B /* GDLogger.swift in Sources */ = {isa = PBXBuildFile; fileRef = BEA4C480283EA3F400F0D83B /* GDLogger.swift */; };
		BEA4C48B283EA3F400F0D83B /* GDViewLoader.swift in Sources */ = {isa = PBXBuildFile; fileRef = BEA4C481283EA3F400F0D83B /* GDViewLoader.swift */; };
		BEA4C491283EA47100F0D83B /* GDDataDecoder.swift in Sources */ = {isa = PBXBuildFile; fileRef = BEA4C48D283EA47100F0D83B /* GDDataDecoder.swift */; };
		BEA4C494283EA47100F0D83B /* GDLoader.swift in Sources */ = {isa = PBXBuildFile; fileRef = BEA4C490283EA47100F0D83B /* GDLoader.swift */; };
		BEA4C496283EA4CB00F0D83B /* Localizable.strings in Resources */ = {isa = PBXBuildFile; fileRef = BEA4C495283EA4CB00F0D83B /* Localizable.strings */; };
		BEA4C499283ED2D400F0D83B /* GDPoi.swift in Sources */ = {isa = PBXBuildFile; fileRef = BEA4C498283ED2D400F0D83B /* GDPoi.swift */; };
/* End PBXBuildFile section */

/* Begin PBXContainerItemProxy section */
		BEA4C440283EA39A00F0D83B /* PBXContainerItemProxy */ = {
			isa = PBXContainerItemProxy;
			containerPortal = BEA4C421283EA39900F0D83B /* Project object */;
			proxyType = 1;
			remoteGlobalIDString = BEA4C428283EA39900F0D83B;
			remoteInfo = GDCarFinder;
		};
		BEA4C44A283EA39A00F0D83B /* PBXContainerItemProxy */ = {
			isa = PBXContainerItemProxy;
			containerPortal = BEA4C421283EA39900F0D83B /* Project object */;
			proxyType = 1;
			remoteGlobalIDString = BEA4C428283EA39900F0D83B;
			remoteInfo = GDCarFinder;
		};
/* End PBXContainerItemProxy section */

/* Begin PBXFileReference section */
		BEA4C429283EA39900F0D83B /* GDCarFinder.app */ = {isa = PBXFileReference; explicitFileType = wrapper.application; includeInIndex = 0; path = GDCarFinder.app; sourceTree = BUILT_PRODUCTS_DIR; };
		BEA4C42C283EA39900F0D83B /* AppDelegate.swift */ = {isa = PBXFileReference; lastKnownFileType = sourcecode.swift; path = AppDelegate.swift; sourceTree = "<group>"; };
		BEA4C430283EA39900F0D83B /* ViewController.swift */ = {isa = PBXFileReference; lastKnownFileType = sourcecode.swift; path = ViewController.swift; sourceTree = "<group>"; };
		BEA4C435283EA39A00F0D83B /* Assets.xcassets */ = {isa = PBXFileReference; lastKnownFileType = folder.assetcatalog; path = Assets.xcassets; sourceTree = "<group>"; };
		BEA4C438283EA39A00F0D83B /* Base */ = {isa = PBXFileReference; lastKnownFileType = file.storyboard; name = Base; path = Base.lproj/LaunchScreen.storyboard; sourceTree = "<group>"; };
		BEA4C43A283EA39A00F0D83B /* Info.plist */ = {isa = PBXFileReference; lastKnownFileType = text.plist.xml; path = Info.plist; sourceTree = "<group>"; };
		BEA4C43F283EA39A00F0D83B /* GDCarFinderTests.xctest */ = {isa = PBXFileReference; explicitFileType = wrapper.cfbundle; includeInIndex = 0; path = GDCarFinderTests.xctest; sourceTree = BUILT_PRODUCTS_DIR; };
		BEA4C443283EA39A00F0D83B /* GDCarFinderTests.swift */ = {isa = PBXFileReference; lastKnownFileType = sourcecode.swift; path = GDCarFinderTests.swift; sourceTree = "<group>"; };
		BEA4C449283EA39A00F0D83B /* GDCarFinderUITests.xctest */ = {isa = PBXFileReference; explicitFileType = wrapper.cfbundle; includeInIndex = 0; path = GDCarFinderUITests.xctest; sourceTree = BUILT_PRODUCTS_DIR; };
		BEA4C44D283EA39A00F0D83B /* GDCarFinderUITests.swift */ = {isa = PBXFileReference; lastKnownFileType = sourcecode.swift; path = GDCarFinderUITests.swift; sourceTree = "<group>"; };
		BEA4C44F283EA39A00F0D83B /* GDCarFinderUITestsLaunchTests.swift */ = {isa = PBXFileReference; lastKnownFileType = sourcecode.swift; path = GDCarFinderUITestsLaunchTests.swift; sourceTree = "<group>"; };
		BEA4C475283EA3F400F0D83B /* GDSession.swift */ = {isa = PBXFileReference; fileEncoding = 4; lastKnownFileType = sourcecode.swift; path = GDSession.swift; sourceTree = "<group>"; };
		BEA4C477283EA3F400F0D83B /* GDOperationQueueManager.swift */ = {isa = PBXFileReference; fileEncoding = 4; lastKnownFileType = sourcecode.swift; path = GDOperationQueueManager.swift; sourceTree = "<group>"; };
		BEA4C478283EA3F400F0D83B /* GDOperation.swift */ = {isa = PBXFileReference; fileEncoding = 4; lastKnownFileType = sourcecode.swift; path = GDOperation.swift; sourceTree = "<group>"; };
		BEA4C47A283EA3F400F0D83B /* GDOperationAction.swift */ = {isa = PBXFileReference; fileEncoding = 4; lastKnownFileType = sourcecode.swift; path = GDOperationAction.swift; sourceTree = "<group>"; };
		BEA4C47C283EA3F400F0D83B /* GDString.swift */ = {isa = PBXFileReference; fileEncoding = 4; lastKnownFileType = sourcecode.swift; path = GDString.swift; sourceTree = "<group>"; };
		BEA4C47D283EA3F400F0D83B /* GDError.swift */ = {isa = PBXFileReference; fileEncoding = 4; lastKnownFileType = sourcecode.swift; path = GDError.swift; sourceTree = "<group>"; };
		BEA4C47E283EA3F400F0D83B /* GDConst.swift */ = {isa = PBXFileReference; fileEncoding = 4; lastKnownFileType = sourcecode.swift; path = GDConst.swift; sourceTree = "<group>"; };
		BEA4C47F283EA3F400F0D83B /* GDColor.swift */ = {isa = PBXFileReference; fileEncoding = 4; lastKnownFileType = sourcecode.swift; path = GDColor.swift; sourceTree = "<group>"; };
		BEA4C480283EA3F400F0D83B /* GDLogger.swift */ = {isa = PBXFileReference; fileEncoding = 4; lastKnownFileType = sourcecode.swift; path = GDLogger.swift; sourceTree = "<group>"; };
		BEA4C481283EA3F400F0D83B /* GDViewLoader.swift */ = {isa = PBXFileReference; fileEncoding = 4; lastKnownFileType = sourcecode.swift; path = GDViewLoader.swift; sourceTree = "<group>"; };
		BEA4C48D283EA47100F0D83B /* GDDataDecoder.swift */ = {isa = PBXFileReference; fileEncoding = 4; lastKnownFileType = sourcecode.swift; path = GDDataDecoder.swift; sourceTree = "<group>"; };
		BEA4C490283EA47100F0D83B /* GDLoader.swift */ = {isa = PBXFileReference; fileEncoding = 4; lastKnownFileType = sourcecode.swift; path = GDLoader.swift; sourceTree = "<group>"; };
		BEA4C495283EA4CB00F0D83B /* Localizable.strings */ = {isa = PBXFileReference; fileEncoding = 4; lastKnownFileType = text.plist.strings; path = Localizable.strings; sourceTree = "<group>"; };
		BEA4C498283ED2D400F0D83B /* GDPoi.swift */ = {isa = PBXFileReference; lastKnownFileType = sourcecode.swift; path = GDPoi.swift; sourceTree = "<group>"; };
/* End PBXFileReference section */

/* Begin PBXFrameworksBuildPhase section */
		BEA4C426283EA39900F0D83B /* Frameworks */ = {
			isa = PBXFrameworksBuildPhase;
			buildActionMask = 2147483647;
			files = (
			);
			runOnlyForDeploymentPostprocessing = 0;
		};
		BEA4C43C283EA39A00F0D83B /* Frameworks */ = {
			isa = PBXFrameworksBuildPhase;
			buildActionMask = 2147483647;
			files = (
			);
			runOnlyForDeploymentPostprocessing = 0;
		};
		BEA4C446283EA39A00F0D83B /* Frameworks */ = {
			isa = PBXFrameworksBuildPhase;
			buildActionMask = 2147483647;
			files = (
			);
			runOnlyForDeploymentPostprocessing = 0;
		};
/* End PBXFrameworksBuildPhase section */

/* Begin PBXGroup section */
		BEA4C420283EA39900F0D83B = {
			isa = PBXGroup;
			children = (
				BEA4C495283EA4CB00F0D83B /* Localizable.strings */,
				BEA4C42B283EA39900F0D83B /* GDCarFinder */,
				BEA4C442283EA39A00F0D83B /* GDCarFinderTests */,
				BEA4C44C283EA39A00F0D83B /* GDCarFinderUITests */,
				BEA4C42A283EA39900F0D83B /* Products */,
			);
			sourceTree = "<group>";
		};
		BEA4C42A283EA39900F0D83B /* Products */ = {
			isa = PBXGroup;
			children = (
				BEA4C429283EA39900F0D83B /* GDCarFinder.app */,
				BEA4C43F283EA39A00F0D83B /* GDCarFinderTests.xctest */,
				BEA4C449283EA39A00F0D83B /* GDCarFinderUITests.xctest */,
			);
			name = Products;
			sourceTree = "<group>";
		};
		BEA4C42B283EA39900F0D83B /* GDCarFinder */ = {
			isa = PBXGroup;
			children = (
				BEA4C497283ED2BE00F0D83B /* Model */,
				BEA4C48C283EA47100F0D83B /* Handler */,
				BEA4C476283EA3F400F0D83B /* Operations */,
				BEA4C474283EA3F400F0D83B /* Requests */,
				BEA4C47B283EA3F400F0D83B /* Shared */,
				BEA4C42C283EA39900F0D83B /* AppDelegate.swift */,
				BEA4C430283EA39900F0D83B /* ViewController.swift */,
				BEA4C435283EA39A00F0D83B /* Assets.xcassets */,
				BEA4C437283EA39A00F0D83B /* LaunchScreen.storyboard */,
				BEA4C43A283EA39A00F0D83B /* Info.plist */,
			);
			path = GDCarFinder;
			sourceTree = "<group>";
		};
		BEA4C442283EA39A00F0D83B /* GDCarFinderTests */ = {
			isa = PBXGroup;
			children = (
				BEA4C443283EA39A00F0D83B /* GDCarFinderTests.swift */,
			);
			path = GDCarFinderTests;
			sourceTree = "<group>";
		};
		BEA4C44C283EA39A00F0D83B /* GDCarFinderUITests */ = {
			isa = PBXGroup;
			children = (
				BEA4C44D283EA39A00F0D83B /* GDCarFinderUITests.swift */,
				BEA4C44F283EA39A00F0D83B /* GDCarFinderUITestsLaunchTests.swift */,
			);
			path = GDCarFinderUITests;
			sourceTree = "<group>";
		};
		BEA4C474283EA3F400F0D83B /* Requests */ = {
			isa = PBXGroup;
			children = (
				BEA4C475283EA3F400F0D83B /* GDSession.swift */,
			);
			path = Requests;
			sourceTree = "<group>";
		};
		BEA4C476283EA3F400F0D83B /* Operations */ = {
			isa = PBXGroup;
			children = (
				BEA4C477283EA3F400F0D83B /* GDOperationQueueManager.swift */,
				BEA4C478283EA3F400F0D83B /* GDOperation.swift */,
				BEA4C479283EA3F400F0D83B /* Actions */,
			);
			path = Operations;
			sourceTree = "<group>";
		};
		BEA4C479283EA3F400F0D83B /* Actions */ = {
			isa = PBXGroup;
			children = (
				BEA4C47A283EA3F400F0D83B /* GDOperationAction.swift */,
			);
			path = Actions;
			sourceTree = "<group>";
		};
		BEA4C47B283EA3F400F0D83B /* Shared */ = {
			isa = PBXGroup;
			children = (
				BEA4C47C283EA3F400F0D83B /* GDString.swift */,
				BEA4C47D283EA3F400F0D83B /* GDError.swift */,
				BEA4C47E283EA3F400F0D83B /* GDConst.swift */,
				BEA4C47F283EA3F400F0D83B /* GDColor.swift */,
				BEA4C480283EA3F400F0D83B /* GDLogger.swift */,
				BEA4C481283EA3F400F0D83B /* GDViewLoader.swift */,
			);
			path = Shared;
			sourceTree = "<group>";
		};
		BEA4C48C283EA47100F0D83B /* Handler */ = {
			isa = PBXGroup;
			children = (
				BEA4C48D283EA47100F0D83B /* GDDataDecoder.swift */,
				BEA4C490283EA47100F0D83B /* GDLoader.swift */,
			);
			path = Handler;
			sourceTree = "<group>";
		};
		BEA4C497283ED2BE00F0D83B /* Model */ = {
			isa = PBXGroup;
			children = (
				BEA4C498283ED2D400F0D83B /* GDPoi.swift */,
			);
			path = Model;
			sourceTree = "<group>";
		};
/* End PBXGroup section */

/* Begin PBXNativeTarget section */
		BEA4C428283EA39900F0D83B /* GDCarFinder */ = {
			isa = PBXNativeTarget;
			buildConfigurationList = BEA4C453283EA39A00F0D83B /* Build configuration list for PBXNativeTarget "GDCarFinder" */;
			buildPhases = (
				BEA4C425283EA39900F0D83B /* Sources */,
				BEA4C426283EA39900F0D83B /* Frameworks */,
				BEA4C427283EA39900F0D83B /* Resources */,
			);
			buildRules = (
			);
			dependencies = (
			);
			name = GDCarFinder;
			productName = GDCarFinder;
			productReference = BEA4C429283EA39900F0D83B /* GDCarFinder.app */;
			productType = "com.apple.product-type.application";
		};
		BEA4C43E283EA39A00F0D83B /* GDCarFinderTests */ = {
			isa = PBXNativeTarget;
			buildConfigurationList = BEA4C456283EA39A00F0D83B /* Build configuration list for PBXNativeTarget "GDCarFinderTests" */;
			buildPhases = (
				BEA4C43B283EA39A00F0D83B /* Sources */,
				BEA4C43C283EA39A00F0D83B /* Frameworks */,
				BEA4C43D283EA39A00F0D83B /* Resources */,
			);
			buildRules = (
			);
			dependencies = (
				BEA4C441283EA39A00F0D83B /* PBXTargetDependency */,
			);
			name = GDCarFinderTests;
			productName = GDCarFinderTests;
			productReference = BEA4C43F283EA39A00F0D83B /* GDCarFinderTests.xctest */;
			productType = "com.apple.product-type.bundle.unit-test";
		};
		BEA4C448283EA39A00F0D83B /* GDCarFinderUITests */ = {
			isa = PBXNativeTarget;
			buildConfigurationList = BEA4C459283EA39A00F0D83B /* Build configuration list for PBXNativeTarget "GDCarFinderUITests" */;
			buildPhases = (
				BEA4C445283EA39A00F0D83B /* Sources */,
				BEA4C446283EA39A00F0D83B /* Frameworks */,
				BEA4C447283EA39A00F0D83B /* Resources */,
			);
			buildRules = (
			);
			dependencies = (
				BEA4C44B283EA39A00F0D83B /* PBXTargetDependency */,
			);
			name = GDCarFinderUITests;
			productName = GDCarFinderUITests;
			productReference = BEA4C449283EA39A00F0D83B /* GDCarFinderUITests.xctest */;
			productType = "com.apple.product-type.bundle.ui-testing";
		};
/* End PBXNativeTarget section */

/* Begin PBXProject section */
		BEA4C421283EA39900F0D83B /* Project object */ = {
			isa = PBXProject;
			attributes = {
				BuildIndependentTargetsInParallel = 1;
				LastSwiftUpdateCheck = 1320;
				LastUpgradeCheck = 1320;
				TargetAttributes = {
					BEA4C428283EA39900F0D83B = {
						CreatedOnToolsVersion = 13.2.1;
					};
					BEA4C43E283EA39A00F0D83B = {
						CreatedOnToolsVersion = 13.2.1;
						TestTargetID = BEA4C428283EA39900F0D83B;
					};
					BEA4C448283EA39A00F0D83B = {
						CreatedOnToolsVersion = 13.2.1;
						TestTargetID = BEA4C428283EA39900F0D83B;
					};
				};
			};
			buildConfigurationList = BEA4C424283EA39900F0D83B /* Build configuration list for PBXProject "GDCarFinder" */;
			compatibilityVersion = "Xcode 13.0";
			developmentRegion = en;
			hasScannedForEncodings = 0;
			knownRegions = (
				en,
				Base,
			);
			mainGroup = BEA4C420283EA39900F0D83B;
			productRefGroup = BEA4C42A283EA39900F0D83B /* Products */;
			projectDirPath = "";
			projectRoot = "";
			targets = (
				BEA4C428283EA39900F0D83B /* GDCarFinder */,
				BEA4C43E283EA39A00F0D83B /* GDCarFinderTests */,
				BEA4C448283EA39A00F0D83B /* GDCarFinderUITests */,
			);
		};
/* End PBXProject section */

/* Begin PBXResourcesBuildPhase section */
		BEA4C427283EA39900F0D83B /* Resources */ = {
			isa = PBXResourcesBuildPhase;
			buildActionMask = 2147483647;
			files = (
				BEA4C439283EA39A00F0D83B /* LaunchScreen.storyboard in Resources */,
				BEA4C496283EA4CB00F0D83B /* Localizable.strings in Resources */,
				BEA4C436283EA39A00F0D83B /* Assets.xcassets in Resources */,
			);
			runOnlyForDeploymentPostprocessing = 0;
		};
		BEA4C43D283EA39A00F0D83B /* Resources */ = {
			isa = PBXResourcesBuildPhase;
			buildActionMask = 2147483647;
			files = (
			);
			runOnlyForDeploymentPostprocessing = 0;
		};
		BEA4C447283EA39A00F0D83B /* Resources */ = {
			isa = PBXResourcesBuildPhase;
			buildActionMask = 2147483647;
			files = (
			);
			runOnlyForDeploymentPostprocessing = 0;
		};
/* End PBXResourcesBuildPhase section */

/* Begin PBXSourcesBuildPhase section */
		BEA4C425283EA39900F0D83B /* Sources */ = {
			isa = PBXSourcesBuildPhase;
			buildActionMask = 2147483647;
			files = (
				BEA4C485283EA3F400F0D83B /* GDOperationAction.swift in Sources */,
				BEA4C484283EA3F400F0D83B /* GDOperation.swift in Sources */,
				BEA4C494283EA47100F0D83B /* GDLoader.swift in Sources */,
				BEA4C431283EA39900F0D83B /* ViewController.swift in Sources */,
				BEA4C487283EA3F400F0D83B /* GDError.swift in Sources */,
				BEA4C48A283EA3F400F0D83B /* GDLogger.swift in Sources */,
				BEA4C488283EA3F400F0D83B /* GDConst.swift in Sources */,
				BEA4C486283EA3F400F0D83B /* GDString.swift in Sources */,
				BEA4C489283EA3F400F0D83B /* GDColor.swift in Sources */,
				BEA4C499283ED2D400F0D83B /* GDPoi.swift in Sources */,
				BEA4C48B283EA3F400F0D83B /* GDViewLoader.swift in Sources */,
				BEA4C482283EA3F400F0D83B /* GDSession.swift in Sources */,
				BEA4C483283EA3F400F0D83B /* GDOperationQueueManager.swift in Sources */,
				BEA4C491283EA47100F0D83B /* GDDataDecoder.swift in Sources */,
				BEA4C42D283EA39900F0D83B /* AppDelegate.swift in Sources */,
			);
			runOnlyForDeploymentPostprocessing = 0;
		};
		BEA4C43B283EA39A00F0D83B /* Sources */ = {
			isa = PBXSourcesBuildPhase;
			buildActionMask = 2147483647;
			files = (
				BEA4C444283EA39A00F0D83B /* GDCarFinderTests.swift in Sources */,
			);
			runOnlyForDeploymentPostprocessing = 0;
		};
		BEA4C445283EA39A00F0D83B /* Sources */ = {
			isa = PBXSourcesBuildPhase;
			buildActionMask = 2147483647;
			files = (
				BEA4C450283EA39A00F0D83B /* GDCarFinderUITestsLaunchTests.swift in Sources */,
				BEA4C44E283EA39A00F0D83B /* GDCarFinderUITests.swift in Sources */,
			);
			runOnlyForDeploymentPostprocessing = 0;
		};
/* End PBXSourcesBuildPhase section */

/* Begin PBXTargetDependency section */
		BEA4C441283EA39A00F0D83B /* PBXTargetDependency */ = {
			isa = PBXTargetDependency;
			target = BEA4C428283EA39900F0D83B /* GDCarFinder */;
			targetProxy = BEA4C440283EA39A00F0D83B /* PBXContainerItemProxy */;
		};
		BEA4C44B283EA39A00F0D83B /* PBXTargetDependency */ = {
			isa = PBXTargetDependency;
			target = BEA4C428283EA39900F0D83B /* GDCarFinder */;
			targetProxy = BEA4C44A283EA39A00F0D83B /* PBXContainerItemProxy */;
		};
/* End PBXTargetDependency section */

/* Begin PBXVariantGroup section */
		BEA4C437283EA39A00F0D83B /* LaunchScreen.storyboard */ = {
			isa = PBXVariantGroup;
			children = (
				BEA4C438283EA39A00F0D83B /* Base */,
			);
			name = LaunchScreen.storyboard;
			sourceTree = "<group>";
		};
/* End PBXVariantGroup section */

/* Begin XCBuildConfiguration section */
		BEA4C451283EA39A00F0D83B /* Debug */ = {
			isa = XCBuildConfiguration;
			buildSettings = {
				ALWAYS_SEARCH_USER_PATHS = NO;
				CLANG_ANALYZER_NONNULL = YES;
				CLANG_ANALYZER_NUMBER_OBJECT_CONVERSION = YES_AGGRESSIVE;
				CLANG_CXX_LANGUAGE_STANDARD = "gnu++17";
				CLANG_CXX_LIBRARY = "libc++";
				CLANG_ENABLE_MODULES = YES;
				CLANG_ENABLE_OBJC_ARC = YES;
				CLANG_ENABLE_OBJC_WEAK = YES;
				CLANG_WARN_BLOCK_CAPTURE_AUTORELEASING = YES;
				CLANG_WARN_BOOL_CONVERSION = YES;
				CLANG_WARN_COMMA = YES;
				CLANG_WARN_CONSTANT_CONVERSION = YES;
				CLANG_WARN_DEPRECATED_OBJC_IMPLEMENTATIONS = YES;
				CLANG_WARN_DIRECT_OBJC_ISA_USAGE = YES_ERROR;
				CLANG_WARN_DOCUMENTATION_COMMENTS = YES;
				CLANG_WARN_EMPTY_BODY = YES;
				CLANG_WARN_ENUM_CONVERSION = YES;
				CLANG_WARN_INFINITE_RECURSION = YES;
				CLANG_WARN_INT_CONVERSION = YES;
				CLANG_WARN_NON_LITERAL_NULL_CONVERSION = YES;
				CLANG_WARN_OBJC_IMPLICIT_RETAIN_SELF = YES;
				CLANG_WARN_OBJC_LITERAL_CONVERSION = YES;
				CLANG_WARN_OBJC_ROOT_CLASS = YES_ERROR;
				CLANG_WARN_QUOTED_INCLUDE_IN_FRAMEWORK_HEADER = YES;
				CLANG_WARN_RANGE_LOOP_ANALYSIS = YES;
				CLANG_WARN_STRICT_PROTOTYPES = YES;
				CLANG_WARN_SUSPICIOUS_MOVE = YES;
				CLANG_WARN_UNGUARDED_AVAILABILITY = YES_AGGRESSIVE;
				CLANG_WARN_UNREACHABLE_CODE = YES;
				CLANG_WARN__DUPLICATE_METHOD_MATCH = YES;
				COPY_PHASE_STRIP = NO;
				DEBUG_INFORMATION_FORMAT = dwarf;
				ENABLE_STRICT_OBJC_MSGSEND = YES;
				ENABLE_TESTABILITY = YES;
				GCC_C_LANGUAGE_STANDARD = gnu11;
				GCC_DYNAMIC_NO_PIC = NO;
				GCC_NO_COMMON_BLOCKS = YES;
				GCC_OPTIMIZATION_LEVEL = 0;
				GCC_PREPROCESSOR_DEFINITIONS = (
					"DEBUG=1",
					"$(inherited)",
				);
				GCC_WARN_64_TO_32_BIT_CONVERSION = YES;
				GCC_WARN_ABOUT_RETURN_TYPE = YES_ERROR;
				GCC_WARN_UNDECLARED_SELECTOR = YES;
				GCC_WARN_UNINITIALIZED_AUTOS = YES_AGGRESSIVE;
				GCC_WARN_UNUSED_FUNCTION = YES;
				GCC_WARN_UNUSED_VARIABLE = YES;
				IPHONEOS_DEPLOYMENT_TARGET = 15.2;
				MTL_ENABLE_DEBUG_INFO = INCLUDE_SOURCE;
				MTL_FAST_MATH = YES;
				ONLY_ACTIVE_ARCH = YES;
				SDKROOT = iphoneos;
				SWIFT_ACTIVE_COMPILATION_CONDITIONS = DEBUG;
				SWIFT_OPTIMIZATION_LEVEL = "-Onone";
			};
			name = Debug;
		};
		BEA4C452283EA39A00F0D83B /* Release */ = {
			isa = XCBuildConfiguration;
			buildSettings = {
				ALWAYS_SEARCH_USER_PATHS = NO;
				CLANG_ANALYZER_NONNULL = YES;
				CLANG_ANALYZER_NUMBER_OBJECT_CONVERSION = YES_AGGRESSIVE;
				CLANG_CXX_LANGUAGE_STANDARD = "gnu++17";
				CLANG_CXX_LIBRARY = "libc++";
				CLANG_ENABLE_MODULES = YES;
				CLANG_ENABLE_OBJC_ARC = YES;
				CLANG_ENABLE_OBJC_WEAK = YES;
				CLANG_WARN_BLOCK_CAPTURE_AUTORELEASING = YES;
				CLANG_WARN_BOOL_CONVERSION = YES;
				CLANG_WARN_COMMA = YES;
				CLANG_WARN_CONSTANT_CONVERSION = YES;
				CLANG_WARN_DEPRECATED_OBJC_IMPLEMENTATIONS = YES;
				CLANG_WARN_DIRECT_OBJC_ISA_USAGE = YES_ERROR;
				CLANG_WARN_DOCUMENTATION_COMMENTS = YES;
				CLANG_WARN_EMPTY_BODY = YES;
				CLANG_WARN_ENUM_CONVERSION = YES;
				CLANG_WARN_INFINITE_RECURSION = YES;
				CLANG_WARN_INT_CONVERSION = YES;
				CLANG_WARN_NON_LITERAL_NULL_CONVERSION = YES;
				CLANG_WARN_OBJC_IMPLICIT_RETAIN_SELF = YES;
				CLANG_WARN_OBJC_LITERAL_CONVERSION = YES;
				CLANG_WARN_OBJC_ROOT_CLASS = YES_ERROR;
				CLANG_WARN_QUOTED_INCLUDE_IN_FRAMEWORK_HEADER = YES;
				CLANG_WARN_RANGE_LOOP_ANALYSIS = YES;
				CLANG_WARN_STRICT_PROTOTYPES = YES;
				CLANG_WARN_SUSPICIOUS_MOVE = YES;
				CLANG_WARN_UNGUARDED_AVAILABILITY = YES_AGGRESSIVE;
				CLANG_WARN_UNREACHABLE_CODE = YES;
				CLANG_WARN__DUPLICATE_METHOD_MATCH = YES;
				COPY_PHASE_STRIP = NO;
				DEBUG_INFORMATION_FORMAT = "dwarf-with-dsym";
				ENABLE_NS_ASSERTIONS = NO;
				ENABLE_STRICT_OBJC_MSGSEND = YES;
				GCC_C_LANGUAGE_STANDARD = gnu11;
				GCC_NO_COMMON_BLOCKS = YES;
				GCC_WARN_64_TO_32_BIT_CONVERSION = YES;
				GCC_WARN_ABOUT_RETURN_TYPE = YES_ERROR;
				GCC_WARN_UNDECLARED_SELECTOR = YES;
				GCC_WARN_UNINITIALIZED_AUTOS = YES_AGGRESSIVE;
				GCC_WARN_UNUSED_FUNCTION = YES;
				GCC_WARN_UNUSED_VARIABLE = YES;
				IPHONEOS_DEPLOYMENT_TARGET = 15.2;
				MTL_ENABLE_DEBUG_INFO = NO;
				MTL_FAST_MATH = YES;
				SDKROOT = iphoneos;
				SWIFT_COMPILATION_MODE = wholemodule;
				SWIFT_OPTIMIZATION_LEVEL = "-O";
				VALIDATE_PRODUCT = YES;
			};
			name = Release;
		};
		BEA4C454283EA39A00F0D83B /* Debug */ = {
			isa = XCBuildConfiguration;
			buildSettings = {
				ASSETCATALOG_COMPILER_APPICON_NAME = AppIcon;
				ASSETCATALOG_COMPILER_GLOBAL_ACCENT_COLOR_NAME = AccentColor;
				CODE_SIGN_STYLE = Automatic;
				CURRENT_PROJECT_VERSION = 1;
				DEVELOPMENT_TEAM = Z4GYZZW3HB;
				GENERATE_INFOPLIST_FILE = YES;
				INFOPLIST_FILE = GDCarFinder/Info.plist;
				INFOPLIST_KEY_UIApplicationSupportsIndirectInputEvents = YES;
				INFOPLIST_KEY_UILaunchStoryboardName = LaunchScreen;
				INFOPLIST_KEY_UISupportedInterfaceOrientations = UIInterfaceOrientationPortrait;
				INFOPLIST_KEY_UISupportedInterfaceOrientations_iPad = "UIInterfaceOrientationPortrait UIInterfaceOrientationPortraitUpsideDown UIInterfaceOrientationLandscapeLeft UIInterfaceOrientationLandscapeRight";
				INFOPLIST_KEY_UISupportedInterfaceOrientations_iPhone = "UIInterfaceOrientationPortrait UIInterfaceOrientationLandscapeLeft UIInterfaceOrientationLandscapeRight";
				LD_RUNPATH_SEARCH_PATHS = (
					"$(inherited)",
					"@executable_path/Frameworks",
				);
				MARKETING_VERSION = 1.0;
				PRODUCT_BUNDLE_IDENTIFIER = it.gd.GDCarFinder;
				PRODUCT_NAME = "$(TARGET_NAME)";
				SWIFT_EMIT_LOC_STRINGS = YES;
				SWIFT_VERSION = 5.0;
				TARGETED_DEVICE_FAMILY = "1,2";
			};
			name = Debug;
		};
		BEA4C455283EA39A00F0D83B /* Release */ = {
			isa = XCBuildConfiguration;
			buildSettings = {
				ASSETCATALOG_COMPILER_APPICON_NAME = AppIcon;
				ASSETCATALOG_COMPILER_GLOBAL_ACCENT_COLOR_NAME = AccentColor;
				CODE_SIGN_STYLE = Automatic;
				CURRENT_PROJECT_VERSION = 1;
				DEVELOPMENT_TEAM = Z4GYZZW3HB;
				GENERATE_INFOPLIST_FILE = YES;
				INFOPLIST_FILE = GDCarFinder/Info.plist;
				INFOPLIST_KEY_UIApplicationSupportsIndirectInputEvents = YES;
				INFOPLIST_KEY_UILaunchStoryboardName = LaunchScreen;
				INFOPLIST_KEY_UISupportedInterfaceOrientations = UIInterfaceOrientationPortrait;
				INFOPLIST_KEY_UISupportedInterfaceOrientations_iPad = "UIInterfaceOrientationPortrait UIInterfaceOrientationPortraitUpsideDown UIInterfaceOrientationLandscapeLeft UIInterfaceOrientationLandscapeRight";
				INFOPLIST_KEY_UISupportedInterfaceOrientations_iPhone = "UIInterfaceOrientationPortrait UIInterfaceOrientationLandscapeLeft UIInterfaceOrientationLandscapeRight";
				LD_RUNPATH_SEARCH_PATHS = (
					"$(inherited)",
					"@executable_path/Frameworks",
				);
				MARKETING_VERSION = 1.0;
				PRODUCT_BUNDLE_IDENTIFIER = it.gd.GDCarFinder;
				PRODUCT_NAME = "$(TARGET_NAME)";
				SWIFT_EMIT_LOC_STRINGS = YES;
				SWIFT_VERSION = 5.0;
				TARGETED_DEVICE_FAMILY = "1,2";
			};
			name = Release;
		};
		BEA4C457283EA39A00F0D83B /* Debug */ = {
			isa = XCBuildConfiguration;
			buildSettings = {
				ALWAYS_EMBED_SWIFT_STANDARD_LIBRARIES = YES;
				BUNDLE_LOADER = "$(TEST_HOST)";
				CODE_SIGN_STYLE = Automatic;
				CURRENT_PROJECT_VERSION = 1;
				DEVELOPMENT_TEAM = Z4GYZZW3HB;
				GENERATE_INFOPLIST_FILE = YES;
				IPHONEOS_DEPLOYMENT_TARGET = 15.2;
				MARKETING_VERSION = 1.0;
				PRODUCT_BUNDLE_IDENTIFIER = it.gd.GDCarFinderTests;
				PRODUCT_NAME = "$(TARGET_NAME)";
				SWIFT_EMIT_LOC_STRINGS = NO;
				SWIFT_VERSION = 5.0;
				TARGETED_DEVICE_FAMILY = "1,2";
				TEST_HOST = "$(BUILT_PRODUCTS_DIR)/GDCarFinder.app/GDCarFinder";
			};
			name = Debug;
		};
		BEA4C458283EA39A00F0D83B /* Release */ = {
			isa = XCBuildConfiguration;
			buildSettings = {
				ALWAYS_EMBED_SWIFT_STANDARD_LIBRARIES = YES;
				BUNDLE_LOADER = "$(TEST_HOST)";
				CODE_SIGN_STYLE = Automatic;
				CURRENT_PROJECT_VERSION = 1;
				DEVELOPMENT_TEAM = Z4GYZZW3HB;
				GENERATE_INFOPLIST_FILE = YES;
				IPHONEOS_DEPLOYMENT_TARGET = 15.2;
				MARKETING_VERSION = 1.0;
				PRODUCT_BUNDLE_IDENTIFIER = it.gd.GDCarFinderTests;
				PRODUCT_NAME = "$(TARGET_NAME)";
				SWIFT_EMIT_LOC_STRINGS = NO;
				SWIFT_VERSION = 5.0;
				TARGETED_DEVICE_FAMILY = "1,2";
				TEST_HOST = "$(BUILT_PRODUCTS_DIR)/GDCarFinder.app/GDCarFinder";
			};
			name = Release;
		};
		BEA4C45A283EA39A00F0D83B /* Debug */ = {
			isa = XCBuildConfiguration;
			buildSettings = {
				ALWAYS_EMBED_SWIFT_STANDARD_LIBRARIES = YES;
				CODE_SIGN_STYLE = Automatic;
				CURRENT_PROJECT_VERSION = 1;
				DEVELOPMENT_TEAM = Z4GYZZW3HB;
				GENERATE_INFOPLIST_FILE = YES;
				MARKETING_VERSION = 1.0;
				PRODUCT_BUNDLE_IDENTIFIER = it.gd.GDCarFinderUITests;
				PRODUCT_NAME = "$(TARGET_NAME)";
				SWIFT_EMIT_LOC_STRINGS = NO;
				SWIFT_VERSION = 5.0;
				TARGETED_DEVICE_FAMILY = "1,2";
				TEST_TARGET_NAME = GDCarFinder;
			};
			name = Debug;
		};
		BEA4C45B283EA39A00F0D83B /* Release */ = {
			isa = XCBuildConfiguration;
			buildSettings = {
				ALWAYS_EMBED_SWIFT_STANDARD_LIBRARIES = YES;
				CODE_SIGN_STYLE = Automatic;
				CURRENT_PROJECT_VERSION = 1;
				DEVELOPMENT_TEAM = Z4GYZZW3HB;
				GENERATE_INFOPLIST_FILE = YES;
				MARKETING_VERSION = 1.0;
				PRODUCT_BUNDLE_IDENTIFIER = it.gd.GDCarFinderUITests;
				PRODUCT_NAME = "$(TARGET_NAME)";
				SWIFT_EMIT_LOC_STRINGS = NO;
				SWIFT_VERSION = 5.0;
				TARGETED_DEVICE_FAMILY = "1,2";
				TEST_TARGET_NAME = GDCarFinder;
			};
			name = Release;
		};
/* End XCBuildConfiguration section */

/* Begin XCConfigurationList section */
		BEA4C424283EA39900F0D83B /* Build configuration list for PBXProject "GDCarFinder" */ = {
			isa = XCConfigurationList;
			buildConfigurations = (
				BEA4C451283EA39A00F0D83B /* Debug */,
				BEA4C452283EA39A00F0D83B /* Release */,
			);
			defaultConfigurationIsVisible = 0;
			defaultConfigurationName = Release;
		};
		BEA4C453283EA39A00F0D83B /* Build configuration list for PBXNativeTarget "GDCarFinder" */ = {
			isa = XCConfigurationList;
			buildConfigurations = (
				BEA4C454283EA39A00F0D83B /* Debug */,
				BEA4C455283EA39A00F0D83B /* Release */,
			);
			defaultConfigurationIsVisible = 0;
			defaultConfigurationName = Release;
		};
		BEA4C456283EA39A00F0D83B /* Build configuration list for PBXNativeTarget "GDCarFinderTests" */ = {
			isa = XCConfigurationList;
			buildConfigurations = (
				BEA4C457283EA39A00F0D83B /* Debug */,
				BEA4C458283EA39A00F0D83B /* Release */,
			);
			defaultConfigurationIsVisible = 0;
			defaultConfigurationName = Release;
		};
		BEA4C459283EA39A00F0D83B /* Build configuration list for PBXNativeTarget "GDCarFinderUITests" */ = {
			isa = XCConfigurationList;
			buildConfigurations = (
				BEA4C45A283EA39A00F0D83B /* Debug */,
				BEA4C45B283EA39A00F0D83B /* Release */,
			);
			defaultConfigurationIsVisible = 0;
			defaultConfigurationName = Release;
		};
/* End XCConfigurationList section */
	};
	rootObject = BEA4C421283EA39900F0D83B /* Project object */;
}
